
Microsoft Visual Studio Solution File, Format Version 12.00
Project("{FAE04EC0-301F-11D3-BF4B-00C04F79EFBC}") = "PLRPC", "PLRPC\PLRPC.csproj", "{60270A0A-A34A-40FB-BF97-F070B1325157}"
EndProject
Global
	GlobalSection(SolutionConfigurationPlatforms) = preSolution
		Debug|Any CPU = Debug|Any CPU
		Release|Any CPU = Release|Any CPU
	EndGlobalSection
	GlobalSection(ProjectConfigurationPlatforms) = postSolution
		{60270A0A-A34A-40FB-BF97-F070B1325157}.Debug|Any CPU.ActiveCfg = Debug|Any CPU
		{60270A0A-A34A-40FB-BF97-F070B1325157}.Debug|Any CPU.Build.0 = Debug|Any CPU
		{60270A0A-A34A-40FB-BF97-F070B1325157}.Release|Any CPU.ActiveCfg = Release|Any CPU
		{60270A0A-A34A-40FB-BF97-F070B1325157}.Release|Any CPU.Build.0 = Release|Any CPU
	EndGlobalSection
EndGlobal
