
Microsoft Visual Studio Solution File, Format Version 12.00
Project("{FAE04EC0-301F-11D3-BF4B-00C04F79EFBC}") = "PLRPC", "PLRPC\PLRPC.csproj", "{60270A0A-A34A-40FB-BF97-F070B1325157}"
EndProject
Project("{FAE04EC0-301F-11D3-BF4B-00C04F79EFBC}") = "PLRPC.GUI.Windows", "PLRPC.GUI.Windows\PLRPC.GUI.Windows.csproj", "{7B4DD2AF-4912-40C2-B6E4-C8FAE3695680}"
EndProject
Project("{FAE04EC0-301F-11D3-BF4B-00C04F79EFBC}") = "PLRPC.GUI", "PLRPC.GUI\PLRPC.GUI.csproj", "{20C3CEC9-6328-43A5-AB59-FDCF9D637C40}"
EndProject
Project("{FAE04EC0-301F-11D3-BF4B-00C04F79EFBC}") = "PLRPC.GUI.Linux", "PLRPC.GUI.Linux\PLRPC.GUI.Linux.csproj", "{5BC9F0D6-8F49-4EC4-BEA0-1C78DF3E0864}"
EndProject
Project("{2150E333-8FDC-42A3-9474-1A3956D46DE8}") = "GUI", "GUI", "{112C0D49-EA43-4443-A1D5-9BCBBEC7A9DB}"
EndProject
Project("{2150E333-8FDC-42A3-9474-1A3956D46DE8}") = "Core", "Core", "{074150AA-731C-465B-8599-C41B56657C81}"
EndProject
Global
	GlobalSection(SolutionConfigurationPlatforms) = preSolution
		Debug|Any CPU = Debug|Any CPU
		Release|Any CPU = Release|Any CPU
	EndGlobalSection
	GlobalSection(ProjectConfigurationPlatforms) = postSolution
		{60270A0A-A34A-40FB-BF97-F070B1325157}.Debug|Any CPU.ActiveCfg = Debug|Any CPU
		{60270A0A-A34A-40FB-BF97-F070B1325157}.Debug|Any CPU.Build.0 = Debug|Any CPU
		{60270A0A-A34A-40FB-BF97-F070B1325157}.Release|Any CPU.ActiveCfg = Release|Any CPU
		{60270A0A-A34A-40FB-BF97-F070B1325157}.Release|Any CPU.Build.0 = Release|Any CPU
		{7B4DD2AF-4912-40C2-B6E4-C8FAE3695680}.Debug|Any CPU.ActiveCfg = Debug|Any CPU
		{7B4DD2AF-4912-40C2-B6E4-C8FAE3695680}.Debug|Any CPU.Build.0 = Debug|Any CPU
		{7B4DD2AF-4912-40C2-B6E4-C8FAE3695680}.Release|Any CPU.ActiveCfg = Release|Any CPU
		{7B4DD2AF-4912-40C2-B6E4-C8FAE3695680}.Release|Any CPU.Build.0 = Release|Any CPU
		{20C3CEC9-6328-43A5-AB59-FDCF9D637C40}.Debug|Any CPU.ActiveCfg = Debug|Any CPU
		{20C3CEC9-6328-43A5-AB59-FDCF9D637C40}.Debug|Any CPU.Build.0 = Debug|Any CPU
		{20C3CEC9-6328-43A5-AB59-FDCF9D637C40}.Release|Any CPU.ActiveCfg = Release|Any CPU
		{20C3CEC9-6328-43A5-AB59-FDCF9D637C40}.Release|Any CPU.Build.0 = Release|Any CPU
		{5BC9F0D6-8F49-4EC4-BEA0-1C78DF3E0864}.Debug|Any CPU.ActiveCfg = Debug|Any CPU
		{5BC9F0D6-8F49-4EC4-BEA0-1C78DF3E0864}.Debug|Any CPU.Build.0 = Debug|Any CPU
		{5BC9F0D6-8F49-4EC4-BEA0-1C78DF3E0864}.Release|Any CPU.ActiveCfg = Release|Any CPU
		{5BC9F0D6-8F49-4EC4-BEA0-1C78DF3E0864}.Release|Any CPU.Build.0 = Release|Any CPU
	EndGlobalSection
	GlobalSection(NestedProjects) = preSolution
		{20C3CEC9-6328-43A5-AB59-FDCF9D637C40} = {112C0D49-EA43-4443-A1D5-9BCBBEC7A9DB}
		{5BC9F0D6-8F49-4EC4-BEA0-1C78DF3E0864} = {112C0D49-EA43-4443-A1D5-9BCBBEC7A9DB}
		{7B4DD2AF-4912-40C2-B6E4-C8FAE3695680} = {112C0D49-EA43-4443-A1D5-9BCBBEC7A9DB}
		{60270A0A-A34A-40FB-BF97-F070B1325157} = {074150AA-731C-465B-8599-C41B56657C81}
	EndGlobalSection
EndGlobal
